
Microsoft Visual Studio Solution File, Format Version 12.00
# Visual Studio Version 17
VisualStudioVersion = 17.10.35122.118
MinimumVisualStudioVersion = 10.0.40219.1
Project("{FAE04EC0-301F-11D3-BF4B-00C04F79EFBC}") = "CalcularCubo", "CalcularCubo.csproj", "{EFCCDA57-7593-4E7F-85CB-1A41896ED39C}"
EndProject
Global
	GlobalSection(SolutionConfigurationPlatforms) = preSolution
		Debug|Any CPU = Debug|Any CPU
		Release|Any CPU = Release|Any CPU
	EndGlobalSection
	GlobalSection(ProjectConfigurationPlatforms) = postSolution
		{EFCCDA57-7593-4E7F-85CB-1A41896ED39C}.Debug|Any CPU.ActiveCfg = Debug|Any CPU
		{EFCCDA57-7593-4E7F-85CB-1A41896ED39C}.Debug|Any CPU.Build.0 = Debug|Any CPU
		{EFCCDA57-7593-4E7F-85CB-1A41896ED39C}.Release|Any CPU.ActiveCfg = Release|Any CPU
		{EFCCDA57-7593-4E7F-85CB-1A41896ED39C}.Release|Any CPU.Build.0 = Release|Any CPU
	EndGlobalSection
	GlobalSection(SolutionProperties) = preSolution
		HideSolutionNode = FALSE
	EndGlobalSection
	GlobalSection(ExtensibilityGlobals) = postSolution
		SolutionGuid = {7197264E-2205-4409-AAC6-5F5BF9C12149}
	EndGlobalSection
EndGlobal
